{
    "_readme": [
        "This file locks the dependencies of your project to a known state",
        "Read more about it at https://getcomposer.org/doc/01-basic-usage.md#installing-dependencies",
        "This file is @generated automatically"
    ],
    "content-hash": "60589ab11430cf32896791779248693c",
    "packages": [
        {
            "name": "digitickets/lalit",
            "version": "3.4.0",
            "source": {
                "type": "git",
                "url": "https://github.com/digitickets/lalit.git",
                "reference": "b88856d0434bf3eb465b4ad872ee4eea6ccb582a"
            },
            "dist": {
                "type": "zip",
                "url": "https://api.github.com/repos/digitickets/lalit/zipball/b88856d0434bf3eb465b4ad872ee4eea6ccb582a",
                "reference": "b88856d0434bf3eb465b4ad872ee4eea6ccb582a",
                "shasum": ""
            },
            "require": {
                "ext-dom": "*",
                "php": ">=7"
            },
            "require-dev": {
                "phpunit/phpunit": "*",
                "yetanotherape/diff-match-patch": "*"
            },
            "type": "library",
            "autoload": {
                "psr-4": {
                    "LaLit\\": "src"
                }
            },
            "notification-url": "https://packagist.org/downloads/",
            "license": [
                "CC0-1.0"
            ],
            "authors": [
                {
                    "name": "Lalit Patel",
                    "role": "Lead Developer"
                },
                {
                    "name": "Richard Quadling",
                    "role": "Developer"
                }
            ],
            "description": "GitHub copy of LaLit's XML2Array and Array2XML",
            "homepage": "http://www.lalit.org/lab",
            "keywords": [
                "array",
                "xml"
            ],
            "support": {
                "issues": "https://github.com/digitickets/lalit/issues",
                "source": "https://github.com/digitickets/lalit/tree/3.4.0"
            },
            "time": "2024-03-08T20:59:04+00:00"
        }
    ],
    "packages-dev": [],
    "aliases": [],
    "minimum-stability": "stable",
    "stability-flags": {},
    "prefer-stable": false,
    "prefer-lowest": false,
    "platform": {},
    "platform-dev": {},
    "plugin-api-version": "2.6.0"
}
